// !$*UTF8*$!
{
	archiveVersion = 1;
	classes = {
	};
	objectVersion = 56;
	objects = {

/* Begin PBXBuildFile section */
		576939242A73E7E2001AF59A /* AppDelegate.swift in Sources */ = {isa = PBXBuildFile; fileRef = 576939232A73E7E2001AF59A /* AppDelegate.swift */; };
		576939262A73E7E2001AF59A /* SceneDelegate.swift in Sources */ = {isa = PBXBuildFile; fileRef = 576939252A73E7E2001AF59A /* SceneDelegate.swift */; };
		576939282A73E7E2001AF59A /* OnboardingViewController.swift in Sources */ = {isa = PBXBuildFile; fileRef = 576939272A73E7E2001AF59A /* OnboardingViewController.swift */; };
		5769392E2A73E7E2001AF59A /* KeepCalm_Meditation.xcdatamodeld in Sources */ = {isa = PBXBuildFile; fileRef = 5769392C2A73E7E2001AF59A /* KeepCalm_Meditation.xcdatamodeld */; };
		576939302A73E7E7001AF59A /* Assets.xcassets in Resources */ = {isa = PBXBuildFile; fileRef = 5769392F2A73E7E7001AF59A /* Assets.xcassets */; };
		576939332A73E7E7001AF59A /* LaunchScreen.storyboard in Resources */ = {isa = PBXBuildFile; fileRef = 576939312A73E7E7001AF59A /* LaunchScreen.storyboard */; };
		579963782A7547AD00F10D30 /* ReusableTextField.swift in Sources */ = {isa = PBXBuildFile; fileRef = 579963772A7547AD00F10D30 /* ReusableTextField.swift */; };
		5799637A2A75495700F10D30 /* UITextField+ Extension.swift in Sources */ = {isa = PBXBuildFile; fileRef = 579963792A75495700F10D30 /* UITextField+ Extension.swift */; };
		5799637C2A75516700F10D30 /* SignInViewController.swift in Sources */ = {isa = PBXBuildFile; fileRef = 5799637B2A75516700F10D30 /* SignInViewController.swift */; };
		5799637F2A755BB200F10D30 /* LoginTopStack.swift in Sources */ = {isa = PBXBuildFile; fileRef = 5799637E2A755BB200F10D30 /* LoginTopStack.swift */; };
		579963822A75A5ED00F10D30 /* IQKeyboardManagerSwift in Frameworks */ = {isa = PBXBuildFile; productRef = 579963812A75A5ED00F10D30 /* IQKeyboardManagerSwift */; };
		579963842A75A82B00F10D30 /* UIViewController+ Extension.swift in Sources */ = {isa = PBXBuildFile; fileRef = 579963832A75A82B00F10D30 /* UIViewController+ Extension.swift */; };
		579963862A75AA5700F10D30 /* SignUpViewController.swift in Sources */ = {isa = PBXBuildFile; fileRef = 579963852A75AA5700F10D30 /* SignUpViewController.swift */; };
		579963892A75CFCA00F10D30 /* MainViewController.swift in Sources */ = {isa = PBXBuildFile; fileRef = 579963882A75CFCA00F10D30 /* MainViewController.swift */; };
		57BA03992A769EC9004C7FC7 /* MoodCollectionViewCell.swift in Sources */ = {isa = PBXBuildFile; fileRef = 57BA03982A769EC9004C7FC7 /* MoodCollectionViewCell.swift */; };
		57BA039B2A76D85E004C7FC7 /* PostCollectionViewCell.swift in Sources */ = {isa = PBXBuildFile; fileRef = 57BA039A2A76D85E004C7FC7 /* PostCollectionViewCell.swift */; };
		57BA039D2A76E314004C7FC7 /* UIButton+ Extension.swift in Sources */ = {isa = PBXBuildFile; fileRef = 57BA039C2A76E314004C7FC7 /* UIButton+ Extension.swift */; };
		57BA03A02A770E15004C7FC7 /* CustomTabBar.swift in Sources */ = {isa = PBXBuildFile; fileRef = 57BA039F2A770E15004C7FC7 /* CustomTabBar.swift */; };
		57C27BA92A746286008C2350 /* Constants.swift in Sources */ = {isa = PBXBuildFile; fileRef = 57C27BA82A746286008C2350 /* Constants.swift */; };
		57C27BAD2A746EBD008C2350 /* Alegreya-Bold.ttf in Resources */ = {isa = PBXBuildFile; fileRef = 57C27BAC2A746EBD008C2350 /* Alegreya-Bold.ttf */; };
		57C27BAF2A746EDF008C2350 /* Alegreya-Medium.ttf in Resources */ = {isa = PBXBuildFile; fileRef = 57C27BAE2A746EDF008C2350 /* Alegreya-Medium.ttf */; };
		57C27BB32A746FE0008C2350 /* AlegreyaSans-Medium.ttf in Resources */ = {isa = PBXBuildFile; fileRef = 57C27BB22A746FE0008C2350 /* AlegreyaSans-Medium.ttf */; };
		57C27BB52A746FF3008C2350 /* AlegreyaSans-Regular.ttf in Resources */ = {isa = PBXBuildFile; fileRef = 57C27BB42A746FF3008C2350 /* AlegreyaSans-Regular.ttf */; };
		57C27BB72A747007008C2350 /* AlegreyaSans-Bold.ttf in Resources */ = {isa = PBXBuildFile; fileRef = 57C27BB62A747007008C2350 /* AlegreyaSans-Bold.ttf */; };
		57C27BB92A74706C008C2350 /* AlegreyaSans-Light.ttf in Resources */ = {isa = PBXBuildFile; fileRef = 57C27BB82A74706C008C2350 /* AlegreyaSans-Light.ttf */; };
		57C27BBC2A74710D008C2350 /* Karla-Regular.ttf in Resources */ = {isa = PBXBuildFile; fileRef = 57C27BBB2A74710D008C2350 /* Karla-Regular.ttf */; };
		57C27BBE2A7471AA008C2350 /* UIFont+ Extension.swift in Sources */ = {isa = PBXBuildFile; fileRef = 57C27BBD2A7471AA008C2350 /* UIFont+ Extension.swift */; };
		57C27BC02A74777F008C2350 /* UIColor+ Extension.swift in Sources */ = {isa = PBXBuildFile; fileRef = 57C27BBF2A74777F008C2350 /* UIColor+ Extension.swift */; };
		57C27BC92A74872F008C2350 /* ReusableButton.swift in Sources */ = {isa = PBXBuildFile; fileRef = 57C27BC82A74872F008C2350 /* ReusableButton.swift */; };
/* End PBXBuildFile section */

/* Begin PBXFileReference section */
		576939202A73E7E2001AF59A /* KeepCalm_Meditation.app */ = {isa = PBXFileReference; explicitFileType = wrapper.application; includeInIndex = 0; path = KeepCalm_Meditation.app; sourceTree = BUILT_PRODUCTS_DIR; };
		576939232A73E7E2001AF59A /* AppDelegate.swift */ = {isa = PBXFileReference; lastKnownFileType = sourcecode.swift; path = AppDelegate.swift; sourceTree = "<group>"; };
		576939252A73E7E2001AF59A /* SceneDelegate.swift */ = {isa = PBXFileReference; lastKnownFileType = sourcecode.swift; path = SceneDelegate.swift; sourceTree = "<group>"; };
		576939272A73E7E2001AF59A /* OnboardingViewController.swift */ = {isa = PBXFileReference; lastKnownFileType = sourcecode.swift; path = OnboardingViewController.swift; sourceTree = "<group>"; };
		5769392D2A73E7E2001AF59A /* KeepCalm_Meditation.xcdatamodel */ = {isa = PBXFileReference; lastKnownFileType = wrapper.xcdatamodel; path = KeepCalm_Meditation.xcdatamodel; sourceTree = "<group>"; };
		5769392F2A73E7E7001AF59A /* Assets.xcassets */ = {isa = PBXFileReference; lastKnownFileType = folder.assetcatalog; path = Assets.xcassets; sourceTree = "<group>"; };
		576939322A73E7E7001AF59A /* Base */ = {isa = PBXFileReference; lastKnownFileType = file.storyboard; name = Base; path = Base.lproj/LaunchScreen.storyboard; sourceTree = "<group>"; };
		576939342A73E7E7001AF59A /* Info.plist */ = {isa = PBXFileReference; lastKnownFileType = text.plist.xml; path = Info.plist; sourceTree = "<group>"; };
		579963772A7547AD00F10D30 /* ReusableTextField.swift */ = {isa = PBXFileReference; lastKnownFileType = sourcecode.swift; path = ReusableTextField.swift; sourceTree = "<group>"; };
		579963792A75495700F10D30 /* UITextField+ Extension.swift */ = {isa = PBXFileReference; lastKnownFileType = sourcecode.swift; path = "UITextField+ Extension.swift"; sourceTree = "<group>"; };
		5799637B2A75516700F10D30 /* SignInViewController.swift */ = {isa = PBXFileReference; lastKnownFileType = sourcecode.swift; path = SignInViewController.swift; sourceTree = "<group>"; };
		5799637E2A755BB200F10D30 /* LoginTopStack.swift */ = {isa = PBXFileReference; lastKnownFileType = sourcecode.swift; path = LoginTopStack.swift; sourceTree = "<group>"; };
		579963832A75A82B00F10D30 /* UIViewController+ Extension.swift */ = {isa = PBXFileReference; lastKnownFileType = sourcecode.swift; path = "UIViewController+ Extension.swift"; sourceTree = "<group>"; };
		579963852A75AA5700F10D30 /* SignUpViewController.swift */ = {isa = PBXFileReference; lastKnownFileType = sourcecode.swift; path = SignUpViewController.swift; sourceTree = "<group>"; };
		579963882A75CFCA00F10D30 /* MainViewController.swift */ = {isa = PBXFileReference; lastKnownFileType = sourcecode.swift; path = MainViewController.swift; sourceTree = "<group>"; };
		57BA03982A769EC9004C7FC7 /* MoodCollectionViewCell.swift */ = {isa = PBXFileReference; lastKnownFileType = sourcecode.swift; path = MoodCollectionViewCell.swift; sourceTree = "<group>"; };
		57BA039A2A76D85E004C7FC7 /* PostCollectionViewCell.swift */ = {isa = PBXFileReference; lastKnownFileType = sourcecode.swift; path = PostCollectionViewCell.swift; sourceTree = "<group>"; };
		57BA039C2A76E314004C7FC7 /* UIButton+ Extension.swift */ = {isa = PBXFileReference; lastKnownFileType = sourcecode.swift; path = "UIButton+ Extension.swift"; sourceTree = "<group>"; };
		57BA039F2A770E15004C7FC7 /* CustomTabBar.swift */ = {isa = PBXFileReference; lastKnownFileType = sourcecode.swift; path = CustomTabBar.swift; sourceTree = "<group>"; };
		57C27BA82A746286008C2350 /* Constants.swift */ = {isa = PBXFileReference; lastKnownFileType = sourcecode.swift; path = Constants.swift; sourceTree = "<group>"; };
		57C27BAC2A746EBD008C2350 /* Alegreya-Bold.ttf */ = {isa = PBXFileReference; lastKnownFileType = file; path = "Alegreya-Bold.ttf"; sourceTree = "<group>"; };
		57C27BAE2A746EDF008C2350 /* Alegreya-Medium.ttf */ = {isa = PBXFileReference; lastKnownFileType = file; path = "Alegreya-Medium.ttf"; sourceTree = "<group>"; };
		57C27BB22A746FE0008C2350 /* AlegreyaSans-Medium.ttf */ = {isa = PBXFileReference; lastKnownFileType = file; path = "AlegreyaSans-Medium.ttf"; sourceTree = "<group>"; };
		57C27BB42A746FF3008C2350 /* AlegreyaSans-Regular.ttf */ = {isa = PBXFileReference; lastKnownFileType = file; path = "AlegreyaSans-Regular.ttf"; sourceTree = "<group>"; };
		57C27BB62A747007008C2350 /* AlegreyaSans-Bold.ttf */ = {isa = PBXFileReference; lastKnownFileType = file; path = "AlegreyaSans-Bold.ttf"; sourceTree = "<group>"; };
		57C27BB82A74706C008C2350 /* AlegreyaSans-Light.ttf */ = {isa = PBXFileReference; lastKnownFileType = file; path = "AlegreyaSans-Light.ttf"; sourceTree = "<group>"; };
		57C27BBB2A74710D008C2350 /* Karla-Regular.ttf */ = {isa = PBXFileReference; lastKnownFileType = file; path = "Karla-Regular.ttf"; sourceTree = "<group>"; };
		57C27BBD2A7471AA008C2350 /* UIFont+ Extension.swift */ = {isa = PBXFileReference; lastKnownFileType = sourcecode.swift; path = "UIFont+ Extension.swift"; sourceTree = "<group>"; };
		57C27BBF2A74777F008C2350 /* UIColor+ Extension.swift */ = {isa = PBXFileReference; lastKnownFileType = sourcecode.swift; path = "UIColor+ Extension.swift"; sourceTree = "<group>"; };
		57C27BC82A74872F008C2350 /* ReusableButton.swift */ = {isa = PBXFileReference; lastKnownFileType = sourcecode.swift; path = ReusableButton.swift; sourceTree = "<group>"; };
/* End PBXFileReference section */

/* Begin PBXFrameworksBuildPhase section */
		5769391D2A73E7E2001AF59A /* Frameworks */ = {
			isa = PBXFrameworksBuildPhase;
			buildActionMask = 2147483647;
			files = (
				579963822A75A5ED00F10D30 /* IQKeyboardManagerSwift in Frameworks */,
			);
			runOnlyForDeploymentPostprocessing = 0;
		};
/* End PBXFrameworksBuildPhase section */

/* Begin PBXGroup section */
		576939172A73E7E2001AF59A = {
			isa = PBXGroup;
			children = (
				576939222A73E7E2001AF59A /* KeepCalm_Meditation */,
				576939212A73E7E2001AF59A /* Products */,
			);
			sourceTree = "<group>";
		};
		576939212A73E7E2001AF59A /* Products */ = {
			isa = PBXGroup;
			children = (
				576939202A73E7E2001AF59A /* KeepCalm_Meditation.app */,
			);
			name = Products;
			sourceTree = "<group>";
		};
		576939222A73E7E2001AF59A /* KeepCalm_Meditation */ = {
			isa = PBXGroup;
			children = (
				57C27BC12A747B4E008C2350 /* Models */,
				57C27BC22A747B64008C2350 /* Views */,
				57C27BC32A747B69008C2350 /* ViewModels */,
				576939232A73E7E2001AF59A /* AppDelegate.swift */,
				576939252A73E7E2001AF59A /* SceneDelegate.swift */,
				576939342A73E7E7001AF59A /* Info.plist */,
				57C27BA72A74622A008C2350 /* Supporting Files */,
				57C27BAB2A746E55008C2350 /* Extensions */,
			);
			path = KeepCalm_Meditation;
			sourceTree = "<group>";
		};
		579963762A75477C00F10D30 /* TextFields */ = {
			isa = PBXGroup;
			children = (
				579963772A7547AD00F10D30 /* ReusableTextField.swift */,
			);
			path = TextFields;
			sourceTree = "<group>";
		};
		5799637D2A755B8000F10D30 /* ReusableStacks */ = {
			isa = PBXGroup;
			children = (
				5799637E2A755BB200F10D30 /* LoginTopStack.swift */,
			);
			path = ReusableStacks;
			sourceTree = "<group>";
		};
		579963872A75CFAB00F10D30 /* Onboarding */ = {
			isa = PBXGroup;
			children = (
				576939272A73E7E2001AF59A /* OnboardingViewController.swift */,
				5799637B2A75516700F10D30 /* SignInViewController.swift */,
				579963852A75AA5700F10D30 /* SignUpViewController.swift */,
			);
			path = Onboarding;
			sourceTree = "<group>";
		};
		57BA03972A769EA9004C7FC7 /* Cells */ = {
			isa = PBXGroup;
			children = (
				57BA03982A769EC9004C7FC7 /* MoodCollectionViewCell.swift */,
				57BA039A2A76D85E004C7FC7 /* PostCollectionViewCell.swift */,
			);
			path = Cells;
			sourceTree = "<group>";
		};
		57BA039E2A770DF7004C7FC7 /* TabBar */ = {
			isa = PBXGroup;
			children = (
				57BA039F2A770E15004C7FC7 /* CustomTabBar.swift */,
			);
			path = TabBar;
			sourceTree = "<group>";
		};
		57C27BA72A74622A008C2350 /* Supporting Files */ = {
			isa = PBXGroup;
			children = (
				57C27BAA2A746E49008C2350 /* Fonts */,
				5769392F2A73E7E7001AF59A /* Assets.xcassets */,
				57C27BA82A746286008C2350 /* Constants.swift */,
			);
			path = "Supporting Files";
			sourceTree = "<group>";
		};
		57C27BAA2A746E49008C2350 /* Fonts */ = {
			isa = PBXGroup;
			children = (
				57C27BBA2A7470F0008C2350 /* Karla */,
				57C27BB02A746F6B008C2350 /* Alegreya */,
				57C27BB12A746FC6008C2350 /* Alegreya_Sans */,
			);
			path = Fonts;
			sourceTree = "<group>";
		};
		57C27BAB2A746E55008C2350 /* Extensions */ = {
			isa = PBXGroup;
			children = (
				57C27BBD2A7471AA008C2350 /* UIFont+ Extension.swift */,
				57C27BBF2A74777F008C2350 /* UIColor+ Extension.swift */,
				579963792A75495700F10D30 /* UITextField+ Extension.swift */,
				579963832A75A82B00F10D30 /* UIViewController+ Extension.swift */,
				57BA039C2A76E314004C7FC7 /* UIButton+ Extension.swift */,
			);
			path = Extensions;
			sourceTree = "<group>";
		};
		57C27BB02A746F6B008C2350 /* Alegreya */ = {
			isa = PBXGroup;
			children = (
				57C27BAE2A746EDF008C2350 /* Alegreya-Medium.ttf */,
				57C27BAC2A746EBD008C2350 /* Alegreya-Bold.ttf */,
			);
			path = Alegreya;
			sourceTree = "<group>";
		};
		57C27BB12A746FC6008C2350 /* Alegreya_Sans */ = {
			isa = PBXGroup;
			children = (
				57C27BB82A74706C008C2350 /* AlegreyaSans-Light.ttf */,
				57C27BB62A747007008C2350 /* AlegreyaSans-Bold.ttf */,
				57C27BB42A746FF3008C2350 /* AlegreyaSans-Regular.ttf */,
				57C27BB22A746FE0008C2350 /* AlegreyaSans-Medium.ttf */,
			);
			path = Alegreya_Sans;
			sourceTree = "<group>";
		};
		57C27BBA2A7470F0008C2350 /* Karla */ = {
			isa = PBXGroup;
			children = (
				57C27BBB2A74710D008C2350 /* Karla-Regular.ttf */,
			);
			path = Karla;
			sourceTree = "<group>";
		};
		57C27BC12A747B4E008C2350 /* Models */ = {
			isa = PBXGroup;
			children = (
				57C27BC52A747B9D008C2350 /* CoreData */,
			);
			path = Models;
			sourceTree = "<group>";
		};
		57C27BC22A747B64008C2350 /* Views */ = {
			isa = PBXGroup;
			children = (
				57BA039E2A770DF7004C7FC7 /* TabBar */,
				57BA03972A769EA9004C7FC7 /* Cells */,
				5799637D2A755B8000F10D30 /* ReusableStacks */,
				579963762A75477C00F10D30 /* TextFields */,
				57C27BC72A748713008C2350 /* Buttons */,
				57C27BC42A747B81008C2350 /* ViewControllers */,
			);
			path = Views;
			sourceTree = "<group>";
		};
		57C27BC32A747B69008C2350 /* ViewModels */ = {
			isa = PBXGroup;
			children = (
			);
			path = ViewModels;
			sourceTree = "<group>";
		};
		57C27BC42A747B81008C2350 /* ViewControllers */ = {
			isa = PBXGroup;
			children = (
				576939312A73E7E7001AF59A /* LaunchScreen.storyboard */,
				579963872A75CFAB00F10D30 /* Onboarding */,
				579963882A75CFCA00F10D30 /* MainViewController.swift */,
			);
			path = ViewControllers;
			sourceTree = "<group>";
		};
		57C27BC52A747B9D008C2350 /* CoreData */ = {
			isa = PBXGroup;
			children = (
				5769392C2A73E7E2001AF59A /* KeepCalm_Meditation.xcdatamodeld */,
			);
			path = CoreData;
			sourceTree = "<group>";
		};
		57C27BC72A748713008C2350 /* Buttons */ = {
			isa = PBXGroup;
			children = (
				57C27BC82A74872F008C2350 /* ReusableButton.swift */,
			);
			path = Buttons;
			sourceTree = "<group>";
		};
/* End PBXGroup section */

/* Begin PBXNativeTarget section */
		5769391F2A73E7E2001AF59A /* KeepCalm_Meditation */ = {
			isa = PBXNativeTarget;
			buildConfigurationList = 576939372A73E7E7001AF59A /* Build configuration list for PBXNativeTarget "KeepCalm_Meditation" */;
			buildPhases = (
				5769391C2A73E7E2001AF59A /* Sources */,
				5769391D2A73E7E2001AF59A /* Frameworks */,
				5769391E2A73E7E2001AF59A /* Resources */,
			);
			buildRules = (
			);
			dependencies = (
			);
			name = KeepCalm_Meditation;
			packageProductDependencies = (
				579963812A75A5ED00F10D30 /* IQKeyboardManagerSwift */,
			);
			productName = KeepCalm_Meditation;
			productReference = 576939202A73E7E2001AF59A /* KeepCalm_Meditation.app */;
			productType = "com.apple.product-type.application";
		};
/* End PBXNativeTarget section */

/* Begin PBXProject section */
		576939182A73E7E2001AF59A /* Project object */ = {
			isa = PBXProject;
			attributes = {
				BuildIndependentTargetsInParallel = 1;
				LastSwiftUpdateCheck = 1430;
				LastUpgradeCheck = 1430;
				TargetAttributes = {
					5769391F2A73E7E2001AF59A = {
						CreatedOnToolsVersion = 14.3;
					};
				};
			};
			buildConfigurationList = 5769391B2A73E7E2001AF59A /* Build configuration list for PBXProject "KeepCalm_Meditation" */;
			compatibilityVersion = "Xcode 14.0";
			developmentRegion = en;
			hasScannedForEncodings = 0;
			knownRegions = (
				en,
				Base,
			);
			mainGroup = 576939172A73E7E2001AF59A;
			packageReferences = (
				579963802A75A5ED00F10D30 /* XCRemoteSwiftPackageReference "IQKeyboardManager" */,
			);
			productRefGroup = 576939212A73E7E2001AF59A /* Products */;
			projectDirPath = "";
			projectRoot = "";
			targets = (
				5769391F2A73E7E2001AF59A /* KeepCalm_Meditation */,
			);
		};
/* End PBXProject section */

/* Begin PBXResourcesBuildPhase section */
		5769391E2A73E7E2001AF59A /* Resources */ = {
			isa = PBXResourcesBuildPhase;
			buildActionMask = 2147483647;
			files = (
				576939332A73E7E7001AF59A /* LaunchScreen.storyboard in Resources */,
				57C27BB72A747007008C2350 /* AlegreyaSans-Bold.ttf in Resources */,
				57C27BB32A746FE0008C2350 /* AlegreyaSans-Medium.ttf in Resources */,
				57C27BAD2A746EBD008C2350 /* Alegreya-Bold.ttf in Resources */,
				576939302A73E7E7001AF59A /* Assets.xcassets in Resources */,
				57C27BBC2A74710D008C2350 /* Karla-Regular.ttf in Resources */,
				57C27BB52A746FF3008C2350 /* AlegreyaSans-Regular.ttf in Resources */,
				57C27BB92A74706C008C2350 /* AlegreyaSans-Light.ttf in Resources */,
				57C27BAF2A746EDF008C2350 /* Alegreya-Medium.ttf in Resources */,
			);
			runOnlyForDeploymentPostprocessing = 0;
		};
/* End PBXResourcesBuildPhase section */

/* Begin PBXSourcesBuildPhase section */
		5769391C2A73E7E2001AF59A /* Sources */ = {
			isa = PBXSourcesBuildPhase;
			buildActionMask = 2147483647;
			files = (
				5799637C2A75516700F10D30 /* SignInViewController.swift in Sources */,
				579963842A75A82B00F10D30 /* UIViewController+ Extension.swift in Sources */,
				57BA03A02A770E15004C7FC7 /* CustomTabBar.swift in Sources */,
				57BA039D2A76E314004C7FC7 /* UIButton+ Extension.swift in Sources */,
				57C27BA92A746286008C2350 /* Constants.swift in Sources */,
				576939282A73E7E2001AF59A /* OnboardingViewController.swift in Sources */,
				576939242A73E7E2001AF59A /* AppDelegate.swift in Sources */,
				57C27BC02A74777F008C2350 /* UIColor+ Extension.swift in Sources */,
				57C27BBE2A7471AA008C2350 /* UIFont+ Extension.swift in Sources */,
				5769392E2A73E7E2001AF59A /* KeepCalm_Meditation.xcdatamodeld in Sources */,
				579963862A75AA5700F10D30 /* SignUpViewController.swift in Sources */,
				579963892A75CFCA00F10D30 /* MainViewController.swift in Sources */,
				5799637A2A75495700F10D30 /* UITextField+ Extension.swift in Sources */,
				5799637F2A755BB200F10D30 /* LoginTopStack.swift in Sources */,
				57BA039B2A76D85E004C7FC7 /* PostCollectionViewCell.swift in Sources */,
				57C27BC92A74872F008C2350 /* ReusableButton.swift in Sources */,
				57BA03992A769EC9004C7FC7 /* MoodCollectionViewCell.swift in Sources */,
				579963782A7547AD00F10D30 /* ReusableTextField.swift in Sources */,
				576939262A73E7E2001AF59A /* SceneDelegate.swift in Sources */,
			);
			runOnlyForDeploymentPostprocessing = 0;
		};
/* End PBXSourcesBuildPhase section */

/* Begin PBXVariantGroup section */
		576939312A73E7E7001AF59A /* LaunchScreen.storyboard */ = {
			isa = PBXVariantGroup;
			children = (
				576939322A73E7E7001AF59A /* Base */,
			);
			name = LaunchScreen.storyboard;
			sourceTree = "<group>";
		};
/* End PBXVariantGroup section */

/* Begin XCBuildConfiguration section */
		576939352A73E7E7001AF59A /* Debug */ = {
			isa = XCBuildConfiguration;
			buildSettings = {
				ALWAYS_SEARCH_USER_PATHS = NO;
				CLANG_ANALYZER_NONNULL = YES;
				CLANG_ANALYZER_NUMBER_OBJECT_CONVERSION = YES_AGGRESSIVE;
				CLANG_CXX_LANGUAGE_STANDARD = "gnu++20";
				CLANG_ENABLE_MODULES = YES;
				CLANG_ENABLE_OBJC_ARC = YES;
				CLANG_ENABLE_OBJC_WEAK = YES;
				CLANG_WARN_BLOCK_CAPTURE_AUTORELEASING = YES;
				CLANG_WARN_BOOL_CONVERSION = YES;
				CLANG_WARN_COMMA = YES;
				CLANG_WARN_CONSTANT_CONVERSION = YES;
				CLANG_WARN_DEPRECATED_OBJC_IMPLEMENTATIONS = YES;
				CLANG_WARN_DIRECT_OBJC_ISA_USAGE = YES_ERROR;
				CLANG_WARN_DOCUMENTATION_COMMENTS = YES;
				CLANG_WARN_EMPTY_BODY = YES;
				CLANG_WARN_ENUM_CONVERSION = YES;
				CLANG_WARN_INFINITE_RECURSION = YES;
				CLANG_WARN_INT_CONVERSION = YES;
				CLANG_WARN_NON_LITERAL_NULL_CONVERSION = YES;
				CLANG_WARN_OBJC_IMPLICIT_RETAIN_SELF = YES;
				CLANG_WARN_OBJC_LITERAL_CONVERSION = YES;
				CLANG_WARN_OBJC_ROOT_CLASS = YES_ERROR;
				CLANG_WARN_QUOTED_INCLUDE_IN_FRAMEWORK_HEADER = YES;
				CLANG_WARN_RANGE_LOOP_ANALYSIS = YES;
				CLANG_WARN_STRICT_PROTOTYPES = YES;
				CLANG_WARN_SUSPICIOUS_MOVE = YES;
				CLANG_WARN_UNGUARDED_AVAILABILITY = YES_AGGRESSIVE;
				CLANG_WARN_UNREACHABLE_CODE = YES;
				CLANG_WARN__DUPLICATE_METHOD_MATCH = YES;
				COPY_PHASE_STRIP = NO;
				DEBUG_INFORMATION_FORMAT = dwarf;
				ENABLE_STRICT_OBJC_MSGSEND = YES;
				ENABLE_TESTABILITY = YES;
				GCC_C_LANGUAGE_STANDARD = gnu11;
				GCC_DYNAMIC_NO_PIC = NO;
				GCC_NO_COMMON_BLOCKS = YES;
				GCC_OPTIMIZATION_LEVEL = 0;
				GCC_PREPROCESSOR_DEFINITIONS = (
					"DEBUG=1",
					"$(inherited)",
				);
				GCC_WARN_64_TO_32_BIT_CONVERSION = YES;
				GCC_WARN_ABOUT_RETURN_TYPE = YES_ERROR;
				GCC_WARN_UNDECLARED_SELECTOR = YES;
				GCC_WARN_UNINITIALIZED_AUTOS = YES_AGGRESSIVE;
				GCC_WARN_UNUSED_FUNCTION = YES;
				GCC_WARN_UNUSED_VARIABLE = YES;
				IPHONEOS_DEPLOYMENT_TARGET = 13.0;
				MTL_ENABLE_DEBUG_INFO = INCLUDE_SOURCE;
				MTL_FAST_MATH = YES;
				ONLY_ACTIVE_ARCH = YES;
				SDKROOT = iphoneos;
				SWIFT_ACTIVE_COMPILATION_CONDITIONS = DEBUG;
				SWIFT_OPTIMIZATION_LEVEL = "-Onone";
			};
			name = Debug;
		};
		576939362A73E7E7001AF59A /* Release */ = {
			isa = XCBuildConfiguration;
			buildSettings = {
				ALWAYS_SEARCH_USER_PATHS = NO;
				CLANG_ANALYZER_NONNULL = YES;
				CLANG_ANALYZER_NUMBER_OBJECT_CONVERSION = YES_AGGRESSIVE;
				CLANG_CXX_LANGUAGE_STANDARD = "gnu++20";
				CLANG_ENABLE_MODULES = YES;
				CLANG_ENABLE_OBJC_ARC = YES;
				CLANG_ENABLE_OBJC_WEAK = YES;
				CLANG_WARN_BLOCK_CAPTURE_AUTORELEASING = YES;
				CLANG_WARN_BOOL_CONVERSION = YES;
				CLANG_WARN_COMMA = YES;
				CLANG_WARN_CONSTANT_CONVERSION = YES;
				CLANG_WARN_DEPRECATED_OBJC_IMPLEMENTATIONS = YES;
				CLANG_WARN_DIRECT_OBJC_ISA_USAGE = YES_ERROR;
				CLANG_WARN_DOCUMENTATION_COMMENTS = YES;
				CLANG_WARN_EMPTY_BODY = YES;
				CLANG_WARN_ENUM_CONVERSION = YES;
				CLANG_WARN_INFINITE_RECURSION = YES;
				CLANG_WARN_INT_CONVERSION = YES;
				CLANG_WARN_NON_LITERAL_NULL_CONVERSION = YES;
				CLANG_WARN_OBJC_IMPLICIT_RETAIN_SELF = YES;
				CLANG_WARN_OBJC_LITERAL_CONVERSION = YES;
				CLANG_WARN_OBJC_ROOT_CLASS = YES_ERROR;
				CLANG_WARN_QUOTED_INCLUDE_IN_FRAMEWORK_HEADER = YES;
				CLANG_WARN_RANGE_LOOP_ANALYSIS = YES;
				CLANG_WARN_STRICT_PROTOTYPES = YES;
				CLANG_WARN_SUSPICIOUS_MOVE = YES;
				CLANG_WARN_UNGUARDED_AVAILABILITY = YES_AGGRESSIVE;
				CLANG_WARN_UNREACHABLE_CODE = YES;
				CLANG_WARN__DUPLICATE_METHOD_MATCH = YES;
				COPY_PHASE_STRIP = NO;
				DEBUG_INFORMATION_FORMAT = "dwarf-with-dsym";
				ENABLE_NS_ASSERTIONS = NO;
				ENABLE_STRICT_OBJC_MSGSEND = YES;
				GCC_C_LANGUAGE_STANDARD = gnu11;
				GCC_NO_COMMON_BLOCKS = YES;
				GCC_WARN_64_TO_32_BIT_CONVERSION = YES;
				GCC_WARN_ABOUT_RETURN_TYPE = YES_ERROR;
				GCC_WARN_UNDECLARED_SELECTOR = YES;
				GCC_WARN_UNINITIALIZED_AUTOS = YES_AGGRESSIVE;
				GCC_WARN_UNUSED_FUNCTION = YES;
				GCC_WARN_UNUSED_VARIABLE = YES;
				IPHONEOS_DEPLOYMENT_TARGET = 13.0;
				MTL_ENABLE_DEBUG_INFO = NO;
				MTL_FAST_MATH = YES;
				SDKROOT = iphoneos;
				SWIFT_COMPILATION_MODE = wholemodule;
				SWIFT_OPTIMIZATION_LEVEL = "-O";
				VALIDATE_PRODUCT = YES;
			};
			name = Release;
		};
		576939382A73E7E7001AF59A /* Debug */ = {
			isa = XCBuildConfiguration;
			buildSettings = {
				ASSETCATALOG_COMPILER_APPICON_NAME = AppIcon;
				ASSETCATALOG_COMPILER_GLOBAL_ACCENT_COLOR_NAME = AccentColor;
				CODE_SIGN_STYLE = Automatic;
				CURRENT_PROJECT_VERSION = 1;
				DEVELOPMENT_TEAM = 8RR26756PN;
				GENERATE_INFOPLIST_FILE = YES;
				INFOPLIST_FILE = KeepCalm_Meditation/Info.plist;
				INFOPLIST_KEY_UIApplicationSupportsIndirectInputEvents = YES;
				INFOPLIST_KEY_UILaunchStoryboardName = LaunchScreen;
				INFOPLIST_KEY_UIStatusBarHidden = YES;
				INFOPLIST_KEY_UISupportedInterfaceOrientations = UIInterfaceOrientationPortrait;
				INFOPLIST_KEY_UISupportedInterfaceOrientations_iPad = "UIInterfaceOrientationLandscapeLeft UIInterfaceOrientationLandscapeRight UIInterfaceOrientationPortrait UIInterfaceOrientationPortraitUpsideDown";
				IPHONEOS_DEPLOYMENT_TARGET = 13.0;
				LD_RUNPATH_SEARCH_PATHS = (
					"$(inherited)",
					"@executable_path/Frameworks",
				);
				MARKETING_VERSION = 1.0;
				PRODUCT_BUNDLE_IDENTIFIER = "co.IvanBiriukov.KeepCalm-Meditation";
				PRODUCT_NAME = "$(TARGET_NAME)";
				SUPPORTED_PLATFORMS = "iphoneos iphonesimulator";
				SUPPORTS_MACCATALYST = NO;
				SUPPORTS_MAC_DESIGNED_FOR_IPHONE_IPAD = NO;
				SWIFT_EMIT_LOC_STRINGS = YES;
				SWIFT_VERSION = 5.0;
				TARGETED_DEVICE_FAMILY = 1;
			};
			name = Debug;
		};
		576939392A73E7E7001AF59A /* Release */ = {
			isa = XCBuildConfiguration;
			buildSettings = {
				ASSETCATALOG_COMPILER_APPICON_NAME = AppIcon;
				ASSETCATALOG_COMPILER_GLOBAL_ACCENT_COLOR_NAME = AccentColor;
				CODE_SIGN_STYLE = Automatic;
				CURRENT_PROJECT_VERSION = 1;
				DEVELOPMENT_TEAM = 8RR26756PN;
				GENERATE_INFOPLIST_FILE = YES;
				INFOPLIST_FILE = KeepCalm_Meditation/Info.plist;
				INFOPLIST_KEY_UIApplicationSupportsIndirectInputEvents = YES;
				INFOPLIST_KEY_UILaunchStoryboardName = LaunchScreen;
				INFOPLIST_KEY_UIStatusBarHidden = YES;
				INFOPLIST_KEY_UISupportedInterfaceOrientations = UIInterfaceOrientationPortrait;
				INFOPLIST_KEY_UISupportedInterfaceOrientations_iPad = "UIInterfaceOrientationLandscapeLeft UIInterfaceOrientationLandscapeRight UIInterfaceOrientationPortrait UIInterfaceOrientationPortraitUpsideDown";
				IPHONEOS_DEPLOYMENT_TARGET = 13.0;
				LD_RUNPATH_SEARCH_PATHS = (
					"$(inherited)",
					"@executable_path/Frameworks",
				);
				MARKETING_VERSION = 1.0;
				PRODUCT_BUNDLE_IDENTIFIER = "co.IvanBiriukov.KeepCalm-Meditation";
				PRODUCT_NAME = "$(TARGET_NAME)";
				SUPPORTED_PLATFORMS = "iphoneos iphonesimulator";
				SUPPORTS_MACCATALYST = NO;
				SUPPORTS_MAC_DESIGNED_FOR_IPHONE_IPAD = NO;
				SWIFT_EMIT_LOC_STRINGS = YES;
				SWIFT_VERSION = 5.0;
				TARGETED_DEVICE_FAMILY = 1;
			};
			name = Release;
		};
/* End XCBuildConfiguration section */

/* Begin XCConfigurationList section */
		5769391B2A73E7E2001AF59A /* Build configuration list for PBXProject "KeepCalm_Meditation" */ = {
			isa = XCConfigurationList;
			buildConfigurations = (
				576939352A73E7E7001AF59A /* Debug */,
				576939362A73E7E7001AF59A /* Release */,
			);
			defaultConfigurationIsVisible = 0;
			defaultConfigurationName = Release;
		};
		576939372A73E7E7001AF59A /* Build configuration list for PBXNativeTarget "KeepCalm_Meditation" */ = {
			isa = XCConfigurationList;
			buildConfigurations = (
				576939382A73E7E7001AF59A /* Debug */,
				576939392A73E7E7001AF59A /* Release */,
			);
			defaultConfigurationIsVisible = 0;
			defaultConfigurationName = Release;
		};
/* End XCConfigurationList section */

/* Begin XCRemoteSwiftPackageReference section */
		579963802A75A5ED00F10D30 /* XCRemoteSwiftPackageReference "IQKeyboardManager" */ = {
			isa = XCRemoteSwiftPackageReference;
			repositoryURL = "https://github.com/hackiftekhar/IQKeyboardManager";
			requirement = {
				kind = upToNextMajorVersion;
				minimumVersion = 6.5.0;
			};
		};
/* End XCRemoteSwiftPackageReference section */

/* Begin XCSwiftPackageProductDependency section */
		579963812A75A5ED00F10D30 /* IQKeyboardManagerSwift */ = {
			isa = XCSwiftPackageProductDependency;
			package = 579963802A75A5ED00F10D30 /* XCRemoteSwiftPackageReference "IQKeyboardManager" */;
			productName = IQKeyboardManagerSwift;
		};
/* End XCSwiftPackageProductDependency section */

/* Begin XCVersionGroup section */
		5769392C2A73E7E2001AF59A /* KeepCalm_Meditation.xcdatamodeld */ = {
			isa = XCVersionGroup;
			children = (
				5769392D2A73E7E2001AF59A /* KeepCalm_Meditation.xcdatamodel */,
			);
			currentVersion = 5769392D2A73E7E2001AF59A /* KeepCalm_Meditation.xcdatamodel */;
			path = KeepCalm_Meditation.xcdatamodeld;
			sourceTree = "<group>";
			versionGroupType = wrapper.xcdatamodel;
		};
/* End XCVersionGroup section */
	};
	rootObject = 576939182A73E7E2001AF59A /* Project object */;
}
